
Microsoft Visual Studio Solution File, Format Version 12.00
# Visual Studio Version 16
VisualStudioVersion = 16.0.32002.261
MinimumVisualStudioVersion = 10.0.40219.1
Project("{9A19103F-16F7-4668-BE54-9A1E7A4F7556}") = "TestWebApp", "TestWebApp.csproj", "{0DAE8BAD-B91F-4F73-8A2F-2931D0AD3E7A}"
EndProject
Global
	GlobalSection(SolutionConfigurationPlatforms) = preSolution
		Debug|Any CPU = Debug|Any CPU
		Release|Any CPU = Release|Any CPU
	EndGlobalSection
	GlobalSection(ProjectConfigurationPlatforms) = postSolution
		{0DAE8BAD-B91F-4F73-8A2F-2931D0AD3E7A}.Debug|Any CPU.ActiveCfg = Debug|Any CPU
		{0DAE8BAD-B91F-4F73-8A2F-2931D0AD3E7A}.Debug|Any CPU.Build.0 = Debug|Any CPU
		{0DAE8BAD-B91F-4F73-8A2F-2931D0AD3E7A}.Release|Any CPU.ActiveCfg = Release|Any CPU
		{0DAE8BAD-B91F-4F73-8A2F-2931D0AD3E7A}.Release|Any CPU.Build.0 = Release|Any CPU
	EndGlobalSection
	GlobalSection(SolutionProperties) = preSolution
		HideSolutionNode = FALSE
	EndGlobalSection
	GlobalSection(ExtensibilityGlobals) = postSolution
		SolutionGuid = {27328C0C-464F-4CD1-B3F7-653445D1FF42}
	EndGlobalSection
EndGlobal
